
Microsoft Visual Studio Solution File, Format Version 12.00
# Visual Studio Version 16
VisualStudioVersion = 16.0.29613.14
MinimumVisualStudioVersion = 10.0.40219.1
Project("{FAE04EC0-301F-11D3-BF4B-00C04F79EFBC}") = "GumTreeSearchTest", "GumTreeSearch\GumTreeSearchTest.csproj", "{DBEA529E-CE74-4452-B4EC-200A67CE61F4}"
EndProject
Global
	GlobalSection(SolutionConfigurationPlatforms) = preSolution
		Debug|Any CPU = Debug|Any CPU
		Release|Any CPU = Release|Any CPU
	EndGlobalSection
	GlobalSection(ProjectConfigurationPlatforms) = postSolution
		{DBEA529E-CE74-4452-B4EC-200A67CE61F4}.Debug|Any CPU.ActiveCfg = Debug|Any CPU
		{DBEA529E-CE74-4452-B4EC-200A67CE61F4}.Debug|Any CPU.Build.0 = Debug|Any CPU
		{DBEA529E-CE74-4452-B4EC-200A67CE61F4}.Release|Any CPU.ActiveCfg = Release|Any CPU
		{DBEA529E-CE74-4452-B4EC-200A67CE61F4}.Release|Any CPU.Build.0 = Release|Any CPU
	EndGlobalSection
	GlobalSection(SolutionProperties) = preSolution
		HideSolutionNode = FALSE
	EndGlobalSection
	GlobalSection(ExtensibilityGlobals) = postSolution
		SolutionGuid = {DB037E27-56A1-49E2-890D-5B404638F71A}
	EndGlobalSection
EndGlobal
